
Microsoft Visual Studio Solution File, Format Version 12.00
# Visual Studio Version 17
VisualStudioVersion = 17.2.32519.379
MinimumVisualStudioVersion = 10.0.40219.1
Project("{FAE04EC0-301F-11D3-BF4B-00C04F79EFBC}") = "Escola", "Escola\Escola.csproj", "{35955FCB-6772-4CCB-9EEE-0AFE618A5374}"
EndProject
Global
	GlobalSection(SolutionConfigurationPlatforms) = preSolution
		Debug|Any CPU = Debug|Any CPU
		Release|Any CPU = Release|Any CPU
	EndGlobalSection
	GlobalSection(ProjectConfigurationPlatforms) = postSolution
		{35955FCB-6772-4CCB-9EEE-0AFE618A5374}.Debug|Any CPU.ActiveCfg = Debug|Any CPU
		{35955FCB-6772-4CCB-9EEE-0AFE618A5374}.Debug|Any CPU.Build.0 = Debug|Any CPU
		{35955FCB-6772-4CCB-9EEE-0AFE618A5374}.Release|Any CPU.ActiveCfg = Release|Any CPU
		{35955FCB-6772-4CCB-9EEE-0AFE618A5374}.Release|Any CPU.Build.0 = Release|Any CPU
	EndGlobalSection
	GlobalSection(SolutionProperties) = preSolution
		HideSolutionNode = FALSE
	EndGlobalSection
	GlobalSection(ExtensibilityGlobals) = postSolution
		SolutionGuid = {E1DDC6E3-ABF2-4F20-A15C-86A5CA18CDA0}
	EndGlobalSection
EndGlobal
